
Microsoft Visual Studio Solution File, Format Version 12.00
# Visual Studio Version 17
VisualStudioVersion = 17.5.002.0
MinimumVisualStudioVersion = 10.0.40219.1
Project("{2150E333-8FDC-42A3-9474-1A3956D46DE8}") = "csharp-prep", "csharp-prep", "{9A8D6CF3-779D-42EB-81BC-9845D37131B4}"
EndProject
Project("{9A19103F-16F7-4668-BE54-9A1E7A4F7556}") = "Prep1", "csharp-prep\Prep1\Prep1.csproj", "{9802C779-A20E-40BE-A222-A2C1F6B47E09}"
EndProject
Project("{9A19103F-16F7-4668-BE54-9A1E7A4F7556}") = "Prep2", "csharp-prep\Prep2\Prep2.csproj", "{10A17B99-0C3C-4D2E-9449-F821E4E748CF}"
EndProject
Project("{9A19103F-16F7-4668-BE54-9A1E7A4F7556}") = "Prep3", "csharp-prep\Prep3\Prep3.csproj", "{D06DA76B-3F51-4038-A8B7-9EA4C75AFA3E}"
EndProject
Project("{9A19103F-16F7-4668-BE54-9A1E7A4F7556}") = "Prep4", "csharp-prep\Prep4\Prep4.csproj", "{03025684-3E81-4FFD-9E5B-E25FF3E947AA}"
EndProject
Project("{9A19103F-16F7-4668-BE54-9A1E7A4F7556}") = "Prep5", "csharp-prep\Prep5\Prep5.csproj", "{8B1694EE-A798-4818-BBD0-612F3CF03BA5}"
EndProject
Project("{2150E333-8FDC-42A3-9474-1A3956D46DE8}") = "final", "final", "{0C82B6F9-1C7B-493F-92ED-2780428B940A}"
EndProject
Project("{9A19103F-16F7-4668-BE54-9A1E7A4F7556}") = "FinalProject", "final\FinalProject\FinalProject.csproj", "{5A1D90E1-5FA0-4335-9218-A71208BD3D3F}"
EndProject
Project("{9A19103F-16F7-4668-BE54-9A1E7A4F7556}") = "Foundation1", "final\Foundation1\Foundation1.csproj", "{5A697E69-5AC4-4112-B16C-0F210FB7C8BD}"
EndProject
Project("{9A19103F-16F7-4668-BE54-9A1E7A4F7556}") = "Foundation2", "final\Foundation2\Foundation2.csproj", "{7199B986-4236-4244-A336-09213B29BCB4}"
EndProject
Project("{9A19103F-16F7-4668-BE54-9A1E7A4F7556}") = "Foundation3", "final\Foundation3\Foundation3.csproj", "{57D4D5AD-8189-4E9D-B866-975BEDF25FE4}"
EndProject
Project("{9A19103F-16F7-4668-BE54-9A1E7A4F7556}") = "Foundation4", "final\Foundation4\Foundation4.csproj", "{EE978DDC-196A-4528-A72B-8189EB4014E7}"
EndProject
Project("{2150E333-8FDC-42A3-9474-1A3956D46DE8}") = "prepare", "prepare", "{D9E51101-702D-4420-9485-449E328C0C2D}"
EndProject
Project("{9A19103F-16F7-4668-BE54-9A1E7A4F7556}") = "Learning02", "prepare\Learning02\Learning02.csproj", "{61B067BB-5F89-45AF-A126-6D508B9E11AA}"
EndProject
Project("{9A19103F-16F7-4668-BE54-9A1E7A4F7556}") = "Learning03", "prepare\Learning03\Learning03.csproj", "{B2445C54-C0D0-445E-8635-160EC37E7D92}"
EndProject
Project("{9A19103F-16F7-4668-BE54-9A1E7A4F7556}") = "Learning04", "prepare\Learning04\Learning04.csproj", "{D8EE8A5E-5F51-4BAC-83C3-6A3ACB723A8A}"
EndProject
Project("{9A19103F-16F7-4668-BE54-9A1E7A4F7556}") = "Learning05", "prepare\Learning05\Learning05.csproj", "{1CAA90C8-D03B-4DA8-9DB1-56340CA50806}"
EndProject
Project("{2150E333-8FDC-42A3-9474-1A3956D46DE8}") = "prove", "prove", "{5862DDFD-D192-4F09-81CE-FE2615BA5070}"
EndProject
Project("{9A19103F-16F7-4668-BE54-9A1E7A4F7556}") = "Develop02", "prove\Develop02\Develop02.csproj", "{DFD75818-3622-472A-BA54-0AF523208BCD}"
EndProject
Project("{9A19103F-16F7-4668-BE54-9A1E7A4F7556}") = "Develop03", "prove\Develop03\Develop03.csproj", "{96A614DA-8864-4989-ACE4-CF887ED46774}"
EndProject
Project("{9A19103F-16F7-4668-BE54-9A1E7A4F7556}") = "Develop04", "prove\Develop04\Develop04.csproj", "{DFE1EF78-0DE7-4471-AF95-D45EB2C78BBD}"
EndProject
Project("{9A19103F-16F7-4668-BE54-9A1E7A4F7556}") = "Develop05", "prove\Develop05\Develop05.csproj", "{A0A8285D-D324-4474-8A5C-13437AC04710}"
EndProject
Project("{2150E333-8FDC-42A3-9474-1A3956D46DE8}") = "sandbox", "sandbox", "{BAF2821E-1ACD-41A7-89CA-7ECF07F8C0D8}"
EndProject
Project("{9A19103F-16F7-4668-BE54-9A1E7A4F7556}") = "Sandbox", "sandbox\Sandbox\Sandbox.csproj", "{9B47FB90-166C-4B57-8E41-050EF9DDC251}"
EndProject
Global
	GlobalSection(SolutionConfigurationPlatforms) = preSolution
		Debug|Any CPU = Debug|Any CPU
		Release|Any CPU = Release|Any CPU
	EndGlobalSection
	GlobalSection(ProjectConfigurationPlatforms) = postSolution
		{9802C779-A20E-40BE-A222-A2C1F6B47E09}.Debug|Any CPU.ActiveCfg = Debug|Any CPU
		{9802C779-A20E-40BE-A222-A2C1F6B47E09}.Debug|Any CPU.Build.0 = Debug|Any CPU
		{9802C779-A20E-40BE-A222-A2C1F6B47E09}.Release|Any CPU.ActiveCfg = Release|Any CPU
		{9802C779-A20E-40BE-A222-A2C1F6B47E09}.Release|Any CPU.Build.0 = Release|Any CPU
		{10A17B99-0C3C-4D2E-9449-F821E4E748CF}.Debug|Any CPU.ActiveCfg = Debug|Any CPU
		{10A17B99-0C3C-4D2E-9449-F821E4E748CF}.Debug|Any CPU.Build.0 = Debug|Any CPU
		{10A17B99-0C3C-4D2E-9449-F821E4E748CF}.Release|Any CPU.ActiveCfg = Release|Any CPU
		{10A17B99-0C3C-4D2E-9449-F821E4E748CF}.Release|Any CPU.Build.0 = Release|Any CPU
		{D06DA76B-3F51-4038-A8B7-9EA4C75AFA3E}.Debug|Any CPU.ActiveCfg = Debug|Any CPU
		{D06DA76B-3F51-4038-A8B7-9EA4C75AFA3E}.Debug|Any CPU.Build.0 = Debug|Any CPU
		{D06DA76B-3F51-4038-A8B7-9EA4C75AFA3E}.Release|Any CPU.ActiveCfg = Release|Any CPU
		{D06DA76B-3F51-4038-A8B7-9EA4C75AFA3E}.Release|Any CPU.Build.0 = Release|Any CPU
		{03025684-3E81-4FFD-9E5B-E25FF3E947AA}.Debug|Any CPU.ActiveCfg = Debug|Any CPU
		{03025684-3E81-4FFD-9E5B-E25FF3E947AA}.Debug|Any CPU.Build.0 = Debug|Any CPU
		{03025684-3E81-4FFD-9E5B-E25FF3E947AA}.Release|Any CPU.ActiveCfg = Release|Any CPU
		{03025684-3E81-4FFD-9E5B-E25FF3E947AA}.Release|Any CPU.Build.0 = Release|Any CPU
		{8B1694EE-A798-4818-BBD0-612F3CF03BA5}.Debug|Any CPU.ActiveCfg = Debug|Any CPU
		{8B1694EE-A798-4818-BBD0-612F3CF03BA5}.Debug|Any CPU.Build.0 = Debug|Any CPU
		{8B1694EE-A798-4818-BBD0-612F3CF03BA5}.Release|Any CPU.ActiveCfg = Release|Any CPU
		{8B1694EE-A798-4818-BBD0-612F3CF03BA5}.Release|Any CPU.Build.0 = Release|Any CPU
		{5A1D90E1-5FA0-4335-9218-A71208BD3D3F}.Debug|Any CPU.ActiveCfg = Debug|Any CPU
		{5A1D90E1-5FA0-4335-9218-A71208BD3D3F}.Debug|Any CPU.Build.0 = Debug|Any CPU
		{5A1D90E1-5FA0-4335-9218-A71208BD3D3F}.Release|Any CPU.ActiveCfg = Release|Any CPU
		{5A1D90E1-5FA0-4335-9218-A71208BD3D3F}.Release|Any CPU.Build.0 = Release|Any CPU
		{5A697E69-5AC4-4112-B16C-0F210FB7C8BD}.Debug|Any CPU.ActiveCfg = Debug|Any CPU
		{5A697E69-5AC4-4112-B16C-0F210FB7C8BD}.Debug|Any CPU.Build.0 = Debug|Any CPU
		{5A697E69-5AC4-4112-B16C-0F210FB7C8BD}.Release|Any CPU.ActiveCfg = Release|Any CPU
		{5A697E69-5AC4-4112-B16C-0F210FB7C8BD}.Release|Any CPU.Build.0 = Release|Any CPU
		{7199B986-4236-4244-A336-09213B29BCB4}.Debug|Any CPU.ActiveCfg = Debug|Any CPU
		{7199B986-4236-4244-A336-09213B29BCB4}.Debug|Any CPU.Build.0 = Debug|Any CPU
		{7199B986-4236-4244-A336-09213B29BCB4}.Release|Any CPU.ActiveCfg = Release|Any CPU
		{7199B986-4236-4244-A336-09213B29BCB4}.Release|Any CPU.Build.0 = Release|Any CPU
		{57D4D5AD-8189-4E9D-B866-975BEDF25FE4}.Debug|Any CPU.ActiveCfg = Debug|Any CPU
		{57D4D5AD-8189-4E9D-B866-975BEDF25FE4}.Debug|Any CPU.Build.0 = Debug|Any CPU
		{57D4D5AD-8189-4E9D-B866-975BEDF25FE4}.Release|Any CPU.ActiveCfg = Release|Any CPU
		{57D4D5AD-8189-4E9D-B866-975BEDF25FE4}.Release|Any CPU.Build.0 = Release|Any CPU
		{EE978DDC-196A-4528-A72B-8189EB4014E7}.Debug|Any CPU.ActiveCfg = Debug|Any CPU
		{EE978DDC-196A-4528-A72B-8189EB4014E7}.Debug|Any CPU.Build.0 = Debug|Any CPU
		{EE978DDC-196A-4528-A72B-8189EB4014E7}.Release|Any CPU.ActiveCfg = Release|Any CPU
		{EE978DDC-196A-4528-A72B-8189EB4014E7}.Release|Any CPU.Build.0 = Release|Any CPU
		{61B067BB-5F89-45AF-A126-6D508B9E11AA}.Debug|Any CPU.ActiveCfg = Debug|Any CPU
		{61B067BB-5F89-45AF-A126-6D508B9E11AA}.Debug|Any CPU.Build.0 = Debug|Any CPU
		{61B067BB-5F89-45AF-A126-6D508B9E11AA}.Release|Any CPU.ActiveCfg = Release|Any CPU
		{61B067BB-5F89-45AF-A126-6D508B9E11AA}.Release|Any CPU.Build.0 = Release|Any CPU
		{B2445C54-C0D0-445E-8635-160EC37E7D92}.Debug|Any CPU.ActiveCfg = Debug|Any CPU
		{B2445C54-C0D0-445E-8635-160EC37E7D92}.Debug|Any CPU.Build.0 = Debug|Any CPU
		{B2445C54-C0D0-445E-8635-160EC37E7D92}.Release|Any CPU.ActiveCfg = Release|Any CPU
		{B2445C54-C0D0-445E-8635-160EC37E7D92}.Release|Any CPU.Build.0 = Release|Any CPU
		{D8EE8A5E-5F51-4BAC-83C3-6A3ACB723A8A}.Debug|Any CPU.ActiveCfg = Debug|Any CPU
		{D8EE8A5E-5F51-4BAC-83C3-6A3ACB723A8A}.Debug|Any CPU.Build.0 = Debug|Any CPU
		{D8EE8A5E-5F51-4BAC-83C3-6A3ACB723A8A}.Release|Any CPU.ActiveCfg = Release|Any CPU
		{D8EE8A5E-5F51-4BAC-83C3-6A3ACB723A8A}.Release|Any CPU.Build.0 = Release|Any CPU
		{1CAA90C8-D03B-4DA8-9DB1-56340CA50806}.Debug|Any CPU.ActiveCfg = Debug|Any CPU
		{1CAA90C8-D03B-4DA8-9DB1-56340CA50806}.Debug|Any CPU.Build.0 = Debug|Any CPU
		{1CAA90C8-D03B-4DA8-9DB1-56340CA50806}.Release|Any CPU.ActiveCfg = Release|Any CPU
		{1CAA90C8-D03B-4DA8-9DB1-56340CA50806}.Release|Any CPU.Build.0 = Release|Any CPU
		{DFD75818-3622-472A-BA54-0AF523208BCD}.Debug|Any CPU.ActiveCfg = Debug|Any CPU
		{DFD75818-3622-472A-BA54-0AF523208BCD}.Debug|Any CPU.Build.0 = Debug|Any CPU
		{DFD75818-3622-472A-BA54-0AF523208BCD}.Release|Any CPU.ActiveCfg = Release|Any CPU
		{DFD75818-3622-472A-BA54-0AF523208BCD}.Release|Any CPU.Build.0 = Release|Any CPU
		{96A614DA-8864-4989-ACE4-CF887ED46774}.Debug|Any CPU.ActiveCfg = Debug|Any CPU
		{96A614DA-8864-4989-ACE4-CF887ED46774}.Debug|Any CPU.Build.0 = Debug|Any CPU
		{96A614DA-8864-4989-ACE4-CF887ED46774}.Release|Any CPU.ActiveCfg = Release|Any CPU
		{96A614DA-8864-4989-ACE4-CF887ED46774}.Release|Any CPU.Build.0 = Release|Any CPU
		{DFE1EF78-0DE7-4471-AF95-D45EB2C78BBD}.Debug|Any CPU.ActiveCfg = Debug|Any CPU
		{DFE1EF78-0DE7-4471-AF95-D45EB2C78BBD}.Debug|Any CPU.Build.0 = Debug|Any CPU
		{DFE1EF78-0DE7-4471-AF95-D45EB2C78BBD}.Release|Any CPU.ActiveCfg = Release|Any CPU
		{DFE1EF78-0DE7-4471-AF95-D45EB2C78BBD}.Release|Any CPU.Build.0 = Release|Any CPU
		{A0A8285D-D324-4474-8A5C-13437AC04710}.Debug|Any CPU.ActiveCfg = Debug|Any CPU
		{A0A8285D-D324-4474-8A5C-13437AC04710}.Debug|Any CPU.Build.0 = Debug|Any CPU
		{A0A8285D-D324-4474-8A5C-13437AC04710}.Release|Any CPU.ActiveCfg = Release|Any CPU
		{A0A8285D-D324-4474-8A5C-13437AC04710}.Release|Any CPU.Build.0 = Release|Any CPU
		{9B47FB90-166C-4B57-8E41-050EF9DDC251}.Debug|Any CPU.ActiveCfg = Debug|Any CPU
		{9B47FB90-166C-4B57-8E41-050EF9DDC251}.Debug|Any CPU.Build.0 = Debug|Any CPU
		{9B47FB90-166C-4B57-8E41-050EF9DDC251}.Release|Any CPU.ActiveCfg = Release|Any CPU
		{9B47FB90-166C-4B57-8E41-050EF9DDC251}.Release|Any CPU.Build.0 = Release|Any CPU
	EndGlobalSection
	GlobalSection(SolutionProperties) = preSolution
		HideSolutionNode = FALSE
	EndGlobalSection
	GlobalSection(NestedProjects) = preSolution
		{9802C779-A20E-40BE-A222-A2C1F6B47E09} = {9A8D6CF3-779D-42EB-81BC-9845D37131B4}
		{10A17B99-0C3C-4D2E-9449-F821E4E748CF} = {9A8D6CF3-779D-42EB-81BC-9845D37131B4}
		{D06DA76B-3F51-4038-A8B7-9EA4C75AFA3E} = {9A8D6CF3-779D-42EB-81BC-9845D37131B4}
		{03025684-3E81-4FFD-9E5B-E25FF3E947AA} = {9A8D6CF3-779D-42EB-81BC-9845D37131B4}
		{8B1694EE-A798-4818-BBD0-612F3CF03BA5} = {9A8D6CF3-779D-42EB-81BC-9845D37131B4}
		{5A1D90E1-5FA0-4335-9218-A71208BD3D3F} = {0C82B6F9-1C7B-493F-92ED-2780428B940A}
		{5A697E69-5AC4-4112-B16C-0F210FB7C8BD} = {0C82B6F9-1C7B-493F-92ED-2780428B940A}
		{7199B986-4236-4244-A336-09213B29BCB4} = {0C82B6F9-1C7B-493F-92ED-2780428B940A}
		{57D4D5AD-8189-4E9D-B866-975BEDF25FE4} = {0C82B6F9-1C7B-493F-92ED-2780428B940A}
		{EE978DDC-196A-4528-A72B-8189EB4014E7} = {0C82B6F9-1C7B-493F-92ED-2780428B940A}
		{61B067BB-5F89-45AF-A126-6D508B9E11AA} = {D9E51101-702D-4420-9485-449E328C0C2D}
		{B2445C54-C0D0-445E-8635-160EC37E7D92} = {D9E51101-702D-4420-9485-449E328C0C2D}
		{D8EE8A5E-5F51-4BAC-83C3-6A3ACB723A8A} = {D9E51101-702D-4420-9485-449E328C0C2D}
		{1CAA90C8-D03B-4DA8-9DB1-56340CA50806} = {D9E51101-702D-4420-9485-449E328C0C2D}
		{DFD75818-3622-472A-BA54-0AF523208BCD} = {5862DDFD-D192-4F09-81CE-FE2615BA5070}
		{96A614DA-8864-4989-ACE4-CF887ED46774} = {5862DDFD-D192-4F09-81CE-FE2615BA5070}
		{DFE1EF78-0DE7-4471-AF95-D45EB2C78BBD} = {5862DDFD-D192-4F09-81CE-FE2615BA5070}
		{A0A8285D-D324-4474-8A5C-13437AC04710} = {5862DDFD-D192-4F09-81CE-FE2615BA5070}
		{9B47FB90-166C-4B57-8E41-050EF9DDC251} = {BAF2821E-1ACD-41A7-89CA-7ECF07F8C0D8}
	EndGlobalSection
	GlobalSection(ExtensibilityGlobals) = postSolution
		SolutionGuid = {33247CD1-B2CE-4ED5-897A-4CA92FF3E178}
	EndGlobalSection
EndGlobal
